// !$*UTF8*$!
{
	archiveVersion = 1;
	classes = {
	};
	objectVersion = 46;
	objects = {

/* Begin PBXBuildFile section */
		780B22F31B9B21C50068CCE5 /* AppDelegate.swift in Sources */ = {isa = PBXBuildFile; fileRef = 780B22F21B9B21C50068CCE5 /* AppDelegate.swift */; };
		780B22F81B9B21C60068CCE5 /* Main.storyboard in Resources */ = {isa = PBXBuildFile; fileRef = 780B22F61B9B21C60068CCE5 /* Main.storyboard */; };
		780B22FA1B9B21C60068CCE5 /* Images.xcassets in Resources */ = {isa = PBXBuildFile; fileRef = 780B22F91B9B21C60068CCE5 /* Images.xcassets */; };
		780B22FD1B9B21C60068CCE5 /* LaunchScreen.xib in Resources */ = {isa = PBXBuildFile; fileRef = 780B22FB1B9B21C60068CCE5 /* LaunchScreen.xib */; };
		780B23091B9B21C60068CCE5 /* MappingRecordTests.swift in Sources */ = {isa = PBXBuildFile; fileRef = 780B23081B9B21C60068CCE5 /* MappingRecordTests.swift */; };
		780B23161B9B22350068CCE5 /* BaseViewController.swift in Sources */ = {isa = PBXBuildFile; fileRef = 780B23121B9B22350068CCE5 /* BaseViewController.swift */; };
		780B23171B9B22350068CCE5 /* GMapViewController.swift in Sources */ = {isa = PBXBuildFile; fileRef = 780B23131B9B22350068CCE5 /* GMapViewController.swift */; };
		780B23181B9B22350068CCE5 /* HistoryViewController.swift in Sources */ = {isa = PBXBuildFile; fileRef = 780B23141B9B22350068CCE5 /* HistoryViewController.swift */; };
		780B23191B9B22350068CCE5 /* pencil.png in Resources */ = {isa = PBXBuildFile; fileRef = 780B23151B9B22350068CCE5 /* pencil.png */; };
		784240741B9B256E00059B95 /* Record.swift in Sources */ = {isa = PBXBuildFile; fileRef = 784240731B9B256E00059B95 /* Record.swift */; };
		7872C7DA1BA547E300B41B76 /* CustomTabBarController.swift in Sources */ = {isa = PBXBuildFile; fileRef = 7872C7D91BA547E300B41B76 /* CustomTabBarController.swift */; };
		8042F6C0D03F39D0B35E4647 /* Pods.framework in Frameworks */ = {isa = PBXBuildFile; fileRef = 21052CA22F2D8F799787B14F /* Pods.framework */; settings = {ATTRIBUTES = (Weak, ); }; };
/* End PBXBuildFile section */

/* Begin PBXContainerItemProxy section */
		780B23031B9B21C60068CCE5 /* PBXContainerItemProxy */ = {
			isa = PBXContainerItemProxy;
			containerPortal = 780B22E51B9B21C50068CCE5 /* Project object */;
			proxyType = 1;
			remoteGlobalIDString = 780B22EC1B9B21C50068CCE5;
			remoteInfo = MappingRecord;
		};
/* End PBXContainerItemProxy section */

/* Begin PBXFileReference section */
		21052CA22F2D8F799787B14F /* Pods.framework */ = {isa = PBXFileReference; explicitFileType = wrapper.framework; includeInIndex = 0; path = Pods.framework; sourceTree = BUILT_PRODUCTS_DIR; };
		780B22ED1B9B21C50068CCE5 /* MappingRecord.app */ = {isa = PBXFileReference; explicitFileType = wrapper.application; includeInIndex = 0; path = MappingRecord.app; sourceTree = BUILT_PRODUCTS_DIR; };
		780B22F11B9B21C50068CCE5 /* Info.plist */ = {isa = PBXFileReference; lastKnownFileType = text.plist.xml; path = Info.plist; sourceTree = "<group>"; };
		780B22F21B9B21C50068CCE5 /* AppDelegate.swift */ = {isa = PBXFileReference; lastKnownFileType = sourcecode.swift; path = AppDelegate.swift; sourceTree = "<group>"; };
		780B22F71B9B21C60068CCE5 /* Base */ = {isa = PBXFileReference; lastKnownFileType = file.storyboard; name = Base; path = Base.lproj/Main.storyboard; sourceTree = "<group>"; };
		780B22F91B9B21C60068CCE5 /* Images.xcassets */ = {isa = PBXFileReference; lastKnownFileType = folder.assetcatalog; path = Images.xcassets; sourceTree = "<group>"; };
		780B22FC1B9B21C60068CCE5 /* Base */ = {isa = PBXFileReference; lastKnownFileType = file.xib; name = Base; path = Base.lproj/LaunchScreen.xib; sourceTree = "<group>"; };
		780B23021B9B21C60068CCE5 /* MappingRecordTests.xctest */ = {isa = PBXFileReference; explicitFileType = wrapper.cfbundle; includeInIndex = 0; path = MappingRecordTests.xctest; sourceTree = BUILT_PRODUCTS_DIR; };
		780B23071B9B21C60068CCE5 /* Info.plist */ = {isa = PBXFileReference; lastKnownFileType = text.plist.xml; path = Info.plist; sourceTree = "<group>"; };
		780B23081B9B21C60068CCE5 /* MappingRecordTests.swift */ = {isa = PBXFileReference; lastKnownFileType = sourcecode.swift; path = MappingRecordTests.swift; sourceTree = "<group>"; };
		780B23121B9B22350068CCE5 /* BaseViewController.swift */ = {isa = PBXFileReference; fileEncoding = 4; lastKnownFileType = sourcecode.swift; path = BaseViewController.swift; sourceTree = "<group>"; };
		780B23131B9B22350068CCE5 /* GMapViewController.swift */ = {isa = PBXFileReference; fileEncoding = 4; lastKnownFileType = sourcecode.swift; path = GMapViewController.swift; sourceTree = "<group>"; };
		780B23141B9B22350068CCE5 /* HistoryViewController.swift */ = {isa = PBXFileReference; fileEncoding = 4; lastKnownFileType = sourcecode.swift; path = HistoryViewController.swift; sourceTree = "<group>"; };
		780B23151B9B22350068CCE5 /* pencil.png */ = {isa = PBXFileReference; lastKnownFileType = image.png; path = pencil.png; sourceTree = "<group>"; };
		784240731B9B256E00059B95 /* Record.swift */ = {isa = PBXFileReference; fileEncoding = 4; lastKnownFileType = sourcecode.swift; path = Record.swift; sourceTree = "<group>"; };
		7872C7D91BA547E300B41B76 /* CustomTabBarController.swift */ = {isa = PBXFileReference; fileEncoding = 4; lastKnownFileType = sourcecode.swift; path = CustomTabBarController.swift; sourceTree = "<group>"; };
		D603B1E913B3520567D79E7F /* Pods.release.xcconfig */ = {isa = PBXFileReference; includeInIndex = 1; lastKnownFileType = text.xcconfig; name = Pods.release.xcconfig; path = "Pods/Target Support Files/Pods/Pods.release.xcconfig"; sourceTree = "<group>"; };
		F7AF217CB025B564D5977159 /* Pods.debug.xcconfig */ = {isa = PBXFileReference; includeInIndex = 1; lastKnownFileType = text.xcconfig; name = Pods.debug.xcconfig; path = "Pods/Target Support Files/Pods/Pods.debug.xcconfig"; sourceTree = "<group>"; };
/* End PBXFileReference section */

/* Begin PBXFrameworksBuildPhase section */
		780B22EA1B9B21C50068CCE5 /* Frameworks */ = {
			isa = PBXFrameworksBuildPhase;
			buildActionMask = 2147483647;
			files = (
				8042F6C0D03F39D0B35E4647 /* Pods.framework in Frameworks */,
			);
			runOnlyForDeploymentPostprocessing = 0;
		};
		780B22FF1B9B21C60068CCE5 /* Frameworks */ = {
			isa = PBXFrameworksBuildPhase;
			buildActionMask = 2147483647;
			files = (
			);
			runOnlyForDeploymentPostprocessing = 0;
		};
/* End PBXFrameworksBuildPhase section */

/* Begin PBXGroup section */
		780B22E41B9B21C50068CCE5 = {
			isa = PBXGroup;
			children = (
				780B22EF1B9B21C50068CCE5 /* MappingRecord */,
				780B23051B9B21C60068CCE5 /* MappingRecordTests */,
				780B22EE1B9B21C50068CCE5 /* Products */,
				DB646BF78FC00E04C603F1E5 /* Pods */,
				7AF64CF260845CE2260FCB07 /* Frameworks */,
			);
			sourceTree = "<group>";
		};
		780B22EE1B9B21C50068CCE5 /* Products */ = {
			isa = PBXGroup;
			children = (
				780B22ED1B9B21C50068CCE5 /* MappingRecord.app */,
				780B23021B9B21C60068CCE5 /* MappingRecordTests.xctest */,
			);
			name = Products;
			sourceTree = "<group>";
		};
		780B22EF1B9B21C50068CCE5 /* MappingRecord */ = {
			isa = PBXGroup;
			children = (
				780B23121B9B22350068CCE5 /* BaseViewController.swift */,
				7872C7D91BA547E300B41B76 /* CustomTabBarController.swift */,
				780B23131B9B22350068CCE5 /* GMapViewController.swift */,
				784240731B9B256E00059B95 /* Record.swift */,
				780B23141B9B22350068CCE5 /* HistoryViewController.swift */,
				780B23151B9B22350068CCE5 /* pencil.png */,
				780B22F21B9B21C50068CCE5 /* AppDelegate.swift */,
				780B22F61B9B21C60068CCE5 /* Main.storyboard */,
				780B22F91B9B21C60068CCE5 /* Images.xcassets */,
				780B22FB1B9B21C60068CCE5 /* LaunchScreen.xib */,
				780B22F01B9B21C50068CCE5 /* Supporting Files */,
			);
			path = MappingRecord;
			sourceTree = "<group>";
		};
		780B22F01B9B21C50068CCE5 /* Supporting Files */ = {
			isa = PBXGroup;
			children = (
				780B22F11B9B21C50068CCE5 /* Info.plist */,
			);
			name = "Supporting Files";
			sourceTree = "<group>";
		};
		780B23051B9B21C60068CCE5 /* MappingRecordTests */ = {
			isa = PBXGroup;
			children = (
				780B23081B9B21C60068CCE5 /* MappingRecordTests.swift */,
				780B23061B9B21C60068CCE5 /* Supporting Files */,
			);
			path = MappingRecordTests;
			sourceTree = "<group>";
		};
		780B23061B9B21C60068CCE5 /* Supporting Files */ = {
			isa = PBXGroup;
			children = (
				780B23071B9B21C60068CCE5 /* Info.plist */,
			);
			name = "Supporting Files";
			sourceTree = "<group>";
		};
		7AF64CF260845CE2260FCB07 /* Frameworks */ = {
			isa = PBXGroup;
			children = (
				21052CA22F2D8F799787B14F /* Pods.framework */,
			);
			name = Frameworks;
			sourceTree = "<group>";
		};
		DB646BF78FC00E04C603F1E5 /* Pods */ = {
			isa = PBXGroup;
			children = (
				F7AF217CB025B564D5977159 /* Pods.debug.xcconfig */,
				D603B1E913B3520567D79E7F /* Pods.release.xcconfig */,
			);
			name = Pods;
			sourceTree = "<group>";
		};
/* End PBXGroup section */

/* Begin PBXNativeTarget section */
		780B22EC1B9B21C50068CCE5 /* MappingRecord */ = {
			isa = PBXNativeTarget;
			buildConfigurationList = 780B230C1B9B21C60068CCE5 /* Build configuration list for PBXNativeTarget "MappingRecord" */;
			buildPhases = (
				F8CB3983DF5CE9CE639E1620 /* Check Pods Manifest.lock */,
				780B22E91B9B21C50068CCE5 /* Sources */,
				780B22EA1B9B21C50068CCE5 /* Frameworks */,
				780B22EB1B9B21C50068CCE5 /* Resources */,
				3AF1DEA6A371B04D04478926 /* Embed Pods Frameworks */,
				77CE2F2251BE6EFBED10CEDA /* Copy Pods Resources */,
			);
			buildRules = (
			);
			dependencies = (
			);
			name = MappingRecord;
			productName = MappingRecord;
			productReference = 780B22ED1B9B21C50068CCE5 /* MappingRecord.app */;
			productType = "com.apple.product-type.application";
		};
		780B23011B9B21C60068CCE5 /* MappingRecordTests */ = {
			isa = PBXNativeTarget;
			buildConfigurationList = 780B230F1B9B21C60068CCE5 /* Build configuration list for PBXNativeTarget "MappingRecordTests" */;
			buildPhases = (
				780B22FE1B9B21C60068CCE5 /* Sources */,
				780B22FF1B9B21C60068CCE5 /* Frameworks */,
				780B23001B9B21C60068CCE5 /* Resources */,
			);
			buildRules = (
			);
			dependencies = (
				780B23041B9B21C60068CCE5 /* PBXTargetDependency */,
			);
			name = MappingRecordTests;
			productName = MappingRecordTests;
			productReference = 780B23021B9B21C60068CCE5 /* MappingRecordTests.xctest */;
			productType = "com.apple.product-type.bundle.unit-test";
		};
/* End PBXNativeTarget section */

/* Begin PBXProject section */
		780B22E51B9B21C50068CCE5 /* Project object */ = {
			isa = PBXProject;
			attributes = {
				LastSwiftUpdateCheck = 0700;
				LastUpgradeCheck = 0700;
				ORGANIZATIONNAME = "Hiroki Nakajima";
				TargetAttributes = {
					780B22EC1B9B21C50068CCE5 = {
						CreatedOnToolsVersion = 6.4;
					};
					780B23011B9B21C60068CCE5 = {
						CreatedOnToolsVersion = 6.4;
						TestTargetID = 780B22EC1B9B21C50068CCE5;
					};
				};
			};
			buildConfigurationList = 780B22E81B9B21C50068CCE5 /* Build configuration list for PBXProject "MappingRecord" */;
			compatibilityVersion = "Xcode 3.2";
			developmentRegion = English;
			hasScannedForEncodings = 0;
			knownRegions = (
				en,
				Base,
			);
			mainGroup = 780B22E41B9B21C50068CCE5;
			productRefGroup = 780B22EE1B9B21C50068CCE5 /* Products */;
			projectDirPath = "";
			projectRoot = "";
			targets = (
				780B22EC1B9B21C50068CCE5 /* MappingRecord */,
				780B23011B9B21C60068CCE5 /* MappingRecordTests */,
			);
		};
/* End PBXProject section */

/* Begin PBXResourcesBuildPhase section */
		780B22EB1B9B21C50068CCE5 /* Resources */ = {
			isa = PBXResourcesBuildPhase;
			buildActionMask = 2147483647;
			files = (
				780B23191B9B22350068CCE5 /* pencil.png in Resources */,
				780B22F81B9B21C60068CCE5 /* Main.storyboard in Resources */,
				780B22FD1B9B21C60068CCE5 /* LaunchScreen.xib in Resources */,
				780B22FA1B9B21C60068CCE5 /* Images.xcassets in Resources */,
			);
			runOnlyForDeploymentPostprocessing = 0;
		};
		780B23001B9B21C60068CCE5 /* Resources */ = {
			isa = PBXResourcesBuildPhase;
			buildActionMask = 2147483647;
			files = (
			);
			runOnlyForDeploymentPostprocessing = 0;
		};
/* End PBXResourcesBuildPhase section */

/* Begin PBXShellScriptBuildPhase section */
		3AF1DEA6A371B04D04478926 /* Embed Pods Frameworks */ = {
			isa = PBXShellScriptBuildPhase;
			buildActionMask = 2147483647;
			files = (
			);
			inputPaths = (
			);
			name = "Embed Pods Frameworks";
			outputPaths = (
			);
			runOnlyForDeploymentPostprocessing = 0;
			shellPath = /bin/sh;
			shellScript = "\"${SRCROOT}/Pods/Target Support Files/Pods/Pods-frameworks.sh\"\n";
			showEnvVarsInLog = 0;
		};
		77CE2F2251BE6EFBED10CEDA /* Copy Pods Resources */ = {
			isa = PBXShellScriptBuildPhase;
			buildActionMask = 2147483647;
			files = (
			);
			inputPaths = (
			);
			name = "Copy Pods Resources";
			outputPaths = (
			);
			runOnlyForDeploymentPostprocessing = 0;
			shellPath = /bin/sh;
			shellScript = "\"${SRCROOT}/Pods/Target Support Files/Pods/Pods-resources.sh\"\n";
			showEnvVarsInLog = 0;
		};
		F8CB3983DF5CE9CE639E1620 /* Check Pods Manifest.lock */ = {
			isa = PBXShellScriptBuildPhase;
			buildActionMask = 2147483647;
			files = (
			);
			inputPaths = (
			);
			name = "Check Pods Manifest.lock";
			outputPaths = (
			);
			runOnlyForDeploymentPostprocessing = 0;
			shellPath = /bin/sh;
			shellScript = "diff \"${PODS_ROOT}/../Podfile.lock\" \"${PODS_ROOT}/Manifest.lock\" > /dev/null\nif [[ $? != 0 ]] ; then\n    cat << EOM\nerror: The sandbox is not in sync with the Podfile.lock. Run 'pod install' or update your CocoaPods installation.\nEOM\n    exit 1\nfi\n";
			showEnvVarsInLog = 0;
		};
/* End PBXShellScriptBuildPhase section */

/* Begin PBXSourcesBuildPhase section */
		780B22E91B9B21C50068CCE5 /* Sources */ = {
			isa = PBXSourcesBuildPhase;
			buildActionMask = 2147483647;
			files = (
				780B22F31B9B21C50068CCE5 /* AppDelegate.swift in Sources */,
				780B23161B9B22350068CCE5 /* BaseViewController.swift in Sources */,
				7872C7DA1BA547E300B41B76 /* CustomTabBarController.swift in Sources */,
				784240741B9B256E00059B95 /* Record.swift in Sources */,
				780B23181B9B22350068CCE5 /* HistoryViewController.swift in Sources */,
				780B23171B9B22350068CCE5 /* GMapViewController.swift in Sources */,
			);
			runOnlyForDeploymentPostprocessing = 0;
		};
		780B22FE1B9B21C60068CCE5 /* Sources */ = {
			isa = PBXSourcesBuildPhase;
			buildActionMask = 2147483647;
			files = (
				780B23091B9B21C60068CCE5 /* MappingRecordTests.swift in Sources */,
			);
			runOnlyForDeploymentPostprocessing = 0;
		};
/* End PBXSourcesBuildPhase section */

/* Begin PBXTargetDependency section */
		780B23041B9B21C60068CCE5 /* PBXTargetDependency */ = {
			isa = PBXTargetDependency;
			target = 780B22EC1B9B21C50068CCE5 /* MappingRecord */;
			targetProxy = 780B23031B9B21C60068CCE5 /* PBXContainerItemProxy */;
		};
/* End PBXTargetDependency section */

/* Begin PBXVariantGroup section */
		780B22F61B9B21C60068CCE5 /* Main.storyboard */ = {
			isa = PBXVariantGroup;
			children = (
				780B22F71B9B21C60068CCE5 /* Base */,
			);
			name = Main.storyboard;
			sourceTree = "<group>";
		};
		780B22FB1B9B21C60068CCE5 /* LaunchScreen.xib */ = {
			isa = PBXVariantGroup;
			children = (
				780B22FC1B9B21C60068CCE5 /* Base */,
			);
			name = LaunchScreen.xib;
			sourceTree = "<group>";
		};
/* End PBXVariantGroup section */

/* Begin XCBuildConfiguration section */
		780B230A1B9B21C60068CCE5 /* Debug */ = {
			isa = XCBuildConfiguration;
			buildSettings = {
				ALWAYS_SEARCH_USER_PATHS = NO;
				CLANG_CXX_LANGUAGE_STANDARD = "gnu++0x";
				CLANG_CXX_LIBRARY = "libc++";
				CLANG_ENABLE_MODULES = YES;
				CLANG_ENABLE_OBJC_ARC = YES;
				CLANG_WARN_BOOL_CONVERSION = YES;
				CLANG_WARN_CONSTANT_CONVERSION = YES;
				CLANG_WARN_DIRECT_OBJC_ISA_USAGE = YES_ERROR;
				CLANG_WARN_EMPTY_BODY = YES;
				CLANG_WARN_ENUM_CONVERSION = YES;
				CLANG_WARN_INT_CONVERSION = YES;
				CLANG_WARN_OBJC_ROOT_CLASS = YES_ERROR;
				CLANG_WARN_UNREACHABLE_CODE = YES;
				CLANG_WARN__DUPLICATE_METHOD_MATCH = YES;
				"CODE_SIGN_IDENTITY[sdk=iphoneos*]" = "iPhone Developer";
				COPY_PHASE_STRIP = NO;
				DEBUG_INFORMATION_FORMAT = "dwarf-with-dsym";
				ENABLE_STRICT_OBJC_MSGSEND = YES;
				ENABLE_TESTABILITY = YES;
				GCC_C_LANGUAGE_STANDARD = gnu99;
				GCC_DYNAMIC_NO_PIC = NO;
				GCC_NO_COMMON_BLOCKS = YES;
				GCC_OPTIMIZATION_LEVEL = 0;
				GCC_PREPROCESSOR_DEFINITIONS = (
					"DEBUG=1",
					"$(inherited)",
				);
				GCC_SYMBOLS_PRIVATE_EXTERN = NO;
				GCC_WARN_64_TO_32_BIT_CONVERSION = YES;
				GCC_WARN_ABOUT_RETURN_TYPE = YES_ERROR;
				GCC_WARN_UNDECLARED_SELECTOR = YES;
				GCC_WARN_UNINITIALIZED_AUTOS = YES_AGGRESSIVE;
				GCC_WARN_UNUSED_FUNCTION = YES;
				GCC_WARN_UNUSED_VARIABLE = YES;
				IPHONEOS_DEPLOYMENT_TARGET = 8.4;
				MTL_ENABLE_DEBUG_INFO = YES;
				ONLY_ACTIVE_ARCH = YES;
				SDKROOT = iphoneos;
				SWIFT_OPTIMIZATION_LEVEL = "-Onone";
			};
			name = Debug;
		};
		780B230B1B9B21C60068CCE5 /* Release */ = {
			isa = XCBuildConfiguration;
			buildSettings = {
				ALWAYS_SEARCH_USER_PATHS = NO;
				CLANG_CXX_LANGUAGE_STANDARD = "gnu++0x";
				CLANG_CXX_LIBRARY = "libc++";
				CLANG_ENABLE_MODULES = YES;
				CLANG_ENABLE_OBJC_ARC = YES;
				CLANG_WARN_BOOL_CONVERSION = YES;
				CLANG_WARN_CONSTANT_CONVERSION = YES;
				CLANG_WARN_DIRECT_OBJC_ISA_USAGE = YES_ERROR;
				CLANG_WARN_EMPTY_BODY = YES;
				CLANG_WARN_ENUM_CONVERSION = YES;
				CLANG_WARN_INT_CONVERSION = YES;
				CLANG_WARN_OBJC_ROOT_CLASS = YES_ERROR;
				CLANG_WARN_UNREACHABLE_CODE = YES;
				CLANG_WARN__DUPLICATE_METHOD_MATCH = YES;
				"CODE_SIGN_IDENTITY[sdk=iphoneos*]" = "iPhone Developer";
				COPY_PHASE_STRIP = NO;
				DEBUG_INFORMATION_FORMAT = "dwarf-with-dsym";
				ENABLE_NS_ASSERTIONS = NO;
				ENABLE_STRICT_OBJC_MSGSEND = YES;
				GCC_C_LANGUAGE_STANDARD = gnu99;
				GCC_NO_COMMON_BLOCKS = YES;
				GCC_WARN_64_TO_32_BIT_CONVERSION = YES;
				GCC_WARN_ABOUT_RETURN_TYPE = YES_ERROR;
				GCC_WARN_UNDECLARED_SELECTOR = YES;
				GCC_WARN_UNINITIALIZED_AUTOS = YES_AGGRESSIVE;
				GCC_WARN_UNUSED_FUNCTION = YES;
				GCC_WARN_UNUSED_VARIABLE = YES;
				IPHONEOS_DEPLOYMENT_TARGET = 8.4;
				MTL_ENABLE_DEBUG_INFO = NO;
				SDKROOT = iphoneos;
				VALIDATE_PRODUCT = YES;
			};
			name = Release;
		};
		780B230D1B9B21C60068CCE5 /* Debug */ = {
			isa = XCBuildConfiguration;
			baseConfigurationReference = F7AF217CB025B564D5977159 /* Pods.debug.xcconfig */;
			buildSettings = {
				ASSETCATALOG_COMPILER_APPICON_NAME = AppIcon;
				INFOPLIST_FILE = MappingRecord/Info.plist;
				LD_RUNPATH_SEARCH_PATHS = "$(inherited) @executable_path/Frameworks";
				PRODUCT_BUNDLE_IDENTIFIER = "com.test.MyFirstApp.$(PRODUCT_NAME:rfc1034identifier)";
				PRODUCT_NAME = "$(TARGET_NAME)";
			};
			name = Debug;
		};
		780B230E1B9B21C60068CCE5 /* Release */ = {
			isa = XCBuildConfiguration;
			baseConfigurationReference = D603B1E913B3520567D79E7F /* Pods.release.xcconfig */;
			buildSettings = {
				ASSETCATALOG_COMPILER_APPICON_NAME = AppIcon;
				INFOPLIST_FILE = MappingRecord/Info.plist;
				LD_RUNPATH_SEARCH_PATHS = "$(inherited) @executable_path/Frameworks";
				PRODUCT_BUNDLE_IDENTIFIER = "com.test.MyFirstApp.$(PRODUCT_NAME:rfc1034identifier)";
				PRODUCT_NAME = "$(TARGET_NAME)";
			};
			name = Release;
		};
		780B23101B9B21C60068CCE5 /* Debug */ = {
			isa = XCBuildConfiguration;
			buildSettings = {
				BUNDLE_LOADER = "$(TEST_HOST)";
				FRAMEWORK_SEARCH_PATHS = (
					"$(SDKROOT)/Developer/Library/Frameworks",
					"$(inherited)",
				);
				GCC_PREPROCESSOR_DEFINITIONS = (
					"DEBUG=1",
					"$(inherited)",
				);
				INFOPLIST_FILE = MappingRecordTests/Info.plist;
				LD_RUNPATH_SEARCH_PATHS = "$(inherited) @executable_path/Frameworks @loader_path/Frameworks";
				PRODUCT_BUNDLE_IDENTIFIER = "com.test.MyFirstApp.$(PRODUCT_NAME:rfc1034identifier)";
				PRODUCT_NAME = "$(TARGET_NAME)";
				TEST_HOST = "$(BUILT_PRODUCTS_DIR)/MappingRecord.app/MappingRecord";
			};
			name = Debug;
		};
		780B23111B9B21C60068CCE5 /* Release */ = {
			isa = XCBuildConfiguration;
			buildSettings = {
				BUNDLE_LOADER = "$(TEST_HOST)";
				FRAMEWORK_SEARCH_PATHS = (
					"$(SDKROOT)/Developer/Library/Frameworks",
					"$(inherited)",
				);
				INFOPLIST_FILE = MappingRecordTests/Info.plist;
				LD_RUNPATH_SEARCH_PATHS = "$(inherited) @executable_path/Frameworks @loader_path/Frameworks";
				PRODUCT_BUNDLE_IDENTIFIER = "com.test.MyFirstApp.$(PRODUCT_NAME:rfc1034identifier)";
				PRODUCT_NAME = "$(TARGET_NAME)";
				TEST_HOST = "$(BUILT_PRODUCTS_DIR)/MappingRecord.app/MappingRecord";
			};
			name = Release;
		};
/* End XCBuildConfiguration section */

/* Begin XCConfigurationList section */
		780B22E81B9B21C50068CCE5 /* Build configuration list for PBXProject "MappingRecord" */ = {
			isa = XCConfigurationList;
			buildConfigurations = (
				780B230A1B9B21C60068CCE5 /* Debug */,
				780B230B1B9B21C60068CCE5 /* Release */,
			);
			defaultConfigurationIsVisible = 0;
			defaultConfigurationName = Release;
		};
		780B230C1B9B21C60068CCE5 /* Build configuration list for PBXNativeTarget "MappingRecord" */ = {
			isa = XCConfigurationList;
			buildConfigurations = (
				780B230D1B9B21C60068CCE5 /* Debug */,
				780B230E1B9B21C60068CCE5 /* Release */,
			);
			defaultConfigurationIsVisible = 0;
			defaultConfigurationName = Release;
		};
		780B230F1B9B21C60068CCE5 /* Build configuration list for PBXNativeTarget "MappingRecordTests" */ = {
			isa = XCConfigurationList;
			buildConfigurations = (
				780B23101B9B21C60068CCE5 /* Debug */,
				780B23111B9B21C60068CCE5 /* Release */,
			);
			defaultConfigurationIsVisible = 0;
			defaultConfigurationName = Release;
		};
/* End XCConfigurationList section */
	};
	rootObject = 780B22E51B9B21C50068CCE5 /* Project object */;
}
